
Microsoft Visual Studio Solution File, Format Version 12.00
# Visual Studio 15
VisualStudioVersion = 15.0.28010.0
MinimumVisualStudioVersion = 10.0.40219.1
Project("{FAE04EC0-301F-11D3-BF4B-00C04F79EFBC}") = "INFT3970Backend", "INFT3970Backend\INFT3970Backend.csproj", "{B50B3E86-3C40-45AB-A2F2-3FB6BDBACF38}"
EndProject
Global
	GlobalSection(SolutionConfigurationPlatforms) = preSolution
		Debug|Any CPU = Debug|Any CPU
		Release|Any CPU = Release|Any CPU
	EndGlobalSection
	GlobalSection(ProjectConfigurationPlatforms) = postSolution
		{B50B3E86-3C40-45AB-A2F2-3FB6BDBACF38}.Debug|Any CPU.ActiveCfg = Debug|Any CPU
		{B50B3E86-3C40-45AB-A2F2-3FB6BDBACF38}.Debug|Any CPU.Build.0 = Debug|Any CPU
		{B50B3E86-3C40-45AB-A2F2-3FB6BDBACF38}.Release|Any CPU.ActiveCfg = Release|Any CPU
		{B50B3E86-3C40-45AB-A2F2-3FB6BDBACF38}.Release|Any CPU.Build.0 = Release|Any CPU
	EndGlobalSection
	GlobalSection(SolutionProperties) = preSolution
		HideSolutionNode = FALSE
	EndGlobalSection
	GlobalSection(ExtensibilityGlobals) = postSolution
		SolutionGuid = {D737A00C-AAA7-467B-A784-DBDC2EE6E5EE}
	EndGlobalSection
EndGlobal
